
Microsoft Visual Studio Solution File, Format Version 12.00
# Visual Studio Version 17
VisualStudioVersion = 17.9.34723.18
MinimumVisualStudioVersion = 10.0.40219.1
Project("{FAE04EC0-301F-11D3-BF4B-00C04F79EFBC}") = "MAD 10 Sort", "MAD 10 Sort\MAD 10 Sort.csproj", "{AAA5F9DD-4A4B-4E62-B9D6-AFAA35691FCE}"
EndProject
Global
	GlobalSection(SolutionConfigurationPlatforms) = preSolution
		Debug|Any CPU = Debug|Any CPU
		Release|Any CPU = Release|Any CPU
	EndGlobalSection
	GlobalSection(ProjectConfigurationPlatforms) = postSolution
		{AAA5F9DD-4A4B-4E62-B9D6-AFAA35691FCE}.Debug|Any CPU.ActiveCfg = Debug|Any CPU
		{AAA5F9DD-4A4B-4E62-B9D6-AFAA35691FCE}.Debug|Any CPU.Build.0 = Debug|Any CPU
		{AAA5F9DD-4A4B-4E62-B9D6-AFAA35691FCE}.Release|Any CPU.ActiveCfg = Release|Any CPU
		{AAA5F9DD-4A4B-4E62-B9D6-AFAA35691FCE}.Release|Any CPU.Build.0 = Release|Any CPU
	EndGlobalSection
	GlobalSection(SolutionProperties) = preSolution
		HideSolutionNode = FALSE
	EndGlobalSection
	GlobalSection(ExtensibilityGlobals) = postSolution
		SolutionGuid = {98AE4B13-1E64-4445-A513-20796C8B3666}
	EndGlobalSection
EndGlobal
