
Microsoft Visual Studio Solution File, Format Version 12.00
# Visual Studio Version 17
VisualStudioVersion = 17.9.34723.18
MinimumVisualStudioVersion = 10.0.40219.1
Project("{FAE04EC0-301F-11D3-BF4B-00C04F79EFBC}") = "If else", "If else\If else.csproj", "{905F0637-063D-4E0A-A8BE-6C4E806E0100}"
EndProject
Global
	GlobalSection(SolutionConfigurationPlatforms) = preSolution
		Debug|Any CPU = Debug|Any CPU
		Release|Any CPU = Release|Any CPU
	EndGlobalSection
	GlobalSection(ProjectConfigurationPlatforms) = postSolution
		{905F0637-063D-4E0A-A8BE-6C4E806E0100}.Debug|Any CPU.ActiveCfg = Debug|Any CPU
		{905F0637-063D-4E0A-A8BE-6C4E806E0100}.Debug|Any CPU.Build.0 = Debug|Any CPU
		{905F0637-063D-4E0A-A8BE-6C4E806E0100}.Release|Any CPU.ActiveCfg = Release|Any CPU
		{905F0637-063D-4E0A-A8BE-6C4E806E0100}.Release|Any CPU.Build.0 = Release|Any CPU
	EndGlobalSection
	GlobalSection(SolutionProperties) = preSolution
		HideSolutionNode = FALSE
	EndGlobalSection
	GlobalSection(ExtensibilityGlobals) = postSolution
		SolutionGuid = {F53EA250-7421-4E54-AF28-8F6B57429273}
	EndGlobalSection
EndGlobal
