
Microsoft Visual Studio Solution File, Format Version 12.00
# Visual Studio Version 17
VisualStudioVersion = 17.9.34723.18
MinimumVisualStudioVersion = 10.0.40219.1
Project("{FAE04EC0-301F-11D3-BF4B-00C04F79EFBC}") = "New array 29 07", "New array 29 07\New array 29 07.csproj", "{060F47B5-2F03-4B58-B9A9-2104E3E7EB27}"
EndProject
Global
	GlobalSection(SolutionConfigurationPlatforms) = preSolution
		Debug|Any CPU = Debug|Any CPU
		Release|Any CPU = Release|Any CPU
	EndGlobalSection
	GlobalSection(ProjectConfigurationPlatforms) = postSolution
		{060F47B5-2F03-4B58-B9A9-2104E3E7EB27}.Debug|Any CPU.ActiveCfg = Debug|Any CPU
		{060F47B5-2F03-4B58-B9A9-2104E3E7EB27}.Debug|Any CPU.Build.0 = Debug|Any CPU
		{060F47B5-2F03-4B58-B9A9-2104E3E7EB27}.Release|Any CPU.ActiveCfg = Release|Any CPU
		{060F47B5-2F03-4B58-B9A9-2104E3E7EB27}.Release|Any CPU.Build.0 = Release|Any CPU
	EndGlobalSection
	GlobalSection(SolutionProperties) = preSolution
		HideSolutionNode = FALSE
	EndGlobalSection
	GlobalSection(ExtensibilityGlobals) = postSolution
		SolutionGuid = {A2816129-3733-4C8A-A6C4-5157E20B5ECC}
	EndGlobalSection
EndGlobal
