
Microsoft Visual Studio Solution File, Format Version 12.00
# Visual Studio Version 17
VisualStudioVersion = 17.9.34723.18
MinimumVisualStudioVersion = 10.0.40219.1
Project("{FAE04EC0-301F-11D3-BF4B-00C04F79EFBC}") = "ConsoleApp3", "ConsoleApp3\ConsoleApp3.csproj", "{C43B766C-573F-47BC-8B74-5D842EA84642}"
EndProject
Global
	GlobalSection(SolutionConfigurationPlatforms) = preSolution
		Debug|Any CPU = Debug|Any CPU
		Release|Any CPU = Release|Any CPU
	EndGlobalSection
	GlobalSection(ProjectConfigurationPlatforms) = postSolution
		{C43B766C-573F-47BC-8B74-5D842EA84642}.Debug|Any CPU.ActiveCfg = Debug|Any CPU
		{C43B766C-573F-47BC-8B74-5D842EA84642}.Debug|Any CPU.Build.0 = Debug|Any CPU
		{C43B766C-573F-47BC-8B74-5D842EA84642}.Release|Any CPU.ActiveCfg = Release|Any CPU
		{C43B766C-573F-47BC-8B74-5D842EA84642}.Release|Any CPU.Build.0 = Release|Any CPU
	EndGlobalSection
	GlobalSection(SolutionProperties) = preSolution
		HideSolutionNode = FALSE
	EndGlobalSection
	GlobalSection(ExtensibilityGlobals) = postSolution
		SolutionGuid = {787F043F-6E84-4D71-B558-A0C28E0A4EDE}
	EndGlobalSection
EndGlobal
