
Microsoft Visual Studio Solution File, Format Version 12.00
# Visual Studio Version 17
VisualStudioVersion = 17.9.34723.18
MinimumVisualStudioVersion = 10.0.40219.1
Project("{9A19103F-16F7-4668-BE54-9A1E7A4F7556}") = "for loop", "for loop\for loop.csproj", "{A37DD3E8-7CD1-4BC3-A44D-1042152473E2}"
EndProject
Project("{FAE04EC0-301F-11D3-BF4B-00C04F79EFBC}") = "arrays and loops 2", "arrays and loops 2\arrays and loops 2.csproj", "{4AEFD4E5-7987-4AB1-8ADD-FA2368B0DEF1}"
EndProject
Global
	GlobalSection(SolutionConfigurationPlatforms) = preSolution
		Debug|Any CPU = Debug|Any CPU
		Release|Any CPU = Release|Any CPU
	EndGlobalSection
	GlobalSection(ProjectConfigurationPlatforms) = postSolution
		{A37DD3E8-7CD1-4BC3-A44D-1042152473E2}.Debug|Any CPU.ActiveCfg = Debug|Any CPU
		{A37DD3E8-7CD1-4BC3-A44D-1042152473E2}.Debug|Any CPU.Build.0 = Debug|Any CPU
		{A37DD3E8-7CD1-4BC3-A44D-1042152473E2}.Release|Any CPU.ActiveCfg = Release|Any CPU
		{A37DD3E8-7CD1-4BC3-A44D-1042152473E2}.Release|Any CPU.Build.0 = Release|Any CPU
		{4AEFD4E5-7987-4AB1-8ADD-FA2368B0DEF1}.Debug|Any CPU.ActiveCfg = Debug|Any CPU
		{4AEFD4E5-7987-4AB1-8ADD-FA2368B0DEF1}.Debug|Any CPU.Build.0 = Debug|Any CPU
		{4AEFD4E5-7987-4AB1-8ADD-FA2368B0DEF1}.Release|Any CPU.ActiveCfg = Release|Any CPU
		{4AEFD4E5-7987-4AB1-8ADD-FA2368B0DEF1}.Release|Any CPU.Build.0 = Release|Any CPU
	EndGlobalSection
	GlobalSection(SolutionProperties) = preSolution
		HideSolutionNode = FALSE
	EndGlobalSection
	GlobalSection(ExtensibilityGlobals) = postSolution
		SolutionGuid = {3BCBAC24-5F60-442C-8E34-3E686B4B2E75}
	EndGlobalSection
EndGlobal
