
Microsoft Visual Studio Solution File, Format Version 12.00
# Visual Studio Version 17
VisualStudioVersion = 17.9.34723.18
MinimumVisualStudioVersion = 10.0.40219.1
Project("{FAE04EC0-301F-11D3-BF4B-00C04F79EFBC}") = "MAD 24 lists differents", "MAD 24 lists differents\MAD 24 lists differents.csproj", "{E56B7989-5F58-402A-A178-53CB6F8D12BA}"
EndProject
Global
	GlobalSection(SolutionConfigurationPlatforms) = preSolution
		Debug|Any CPU = Debug|Any CPU
		Release|Any CPU = Release|Any CPU
	EndGlobalSection
	GlobalSection(ProjectConfigurationPlatforms) = postSolution
		{E56B7989-5F58-402A-A178-53CB6F8D12BA}.Debug|Any CPU.ActiveCfg = Debug|Any CPU
		{E56B7989-5F58-402A-A178-53CB6F8D12BA}.Debug|Any CPU.Build.0 = Debug|Any CPU
		{E56B7989-5F58-402A-A178-53CB6F8D12BA}.Release|Any CPU.ActiveCfg = Release|Any CPU
		{E56B7989-5F58-402A-A178-53CB6F8D12BA}.Release|Any CPU.Build.0 = Release|Any CPU
	EndGlobalSection
	GlobalSection(SolutionProperties) = preSolution
		HideSolutionNode = FALSE
	EndGlobalSection
	GlobalSection(ExtensibilityGlobals) = postSolution
		SolutionGuid = {C547E63E-3882-4F86-86F3-D1F485EAFC71}
	EndGlobalSection
EndGlobal
