
Microsoft Visual Studio Solution File, Format Version 12.00
# Visual Studio Version 17
VisualStudioVersion = 17.9.34723.18
MinimumVisualStudioVersion = 10.0.40219.1
Project("{FAE04EC0-301F-11D3-BF4B-00C04F79EFBC}") = "MAD 27 Factorial", "MAD 27 Factorial\MAD 27 Factorial.csproj", "{04685F9B-8BF3-4F14-A714-172C8CC832FC}"
EndProject
Global
	GlobalSection(SolutionConfigurationPlatforms) = preSolution
		Debug|Any CPU = Debug|Any CPU
		Release|Any CPU = Release|Any CPU
	EndGlobalSection
	GlobalSection(ProjectConfigurationPlatforms) = postSolution
		{04685F9B-8BF3-4F14-A714-172C8CC832FC}.Debug|Any CPU.ActiveCfg = Debug|Any CPU
		{04685F9B-8BF3-4F14-A714-172C8CC832FC}.Debug|Any CPU.Build.0 = Debug|Any CPU
		{04685F9B-8BF3-4F14-A714-172C8CC832FC}.Release|Any CPU.ActiveCfg = Release|Any CPU
		{04685F9B-8BF3-4F14-A714-172C8CC832FC}.Release|Any CPU.Build.0 = Release|Any CPU
	EndGlobalSection
	GlobalSection(SolutionProperties) = preSolution
		HideSolutionNode = FALSE
	EndGlobalSection
	GlobalSection(ExtensibilityGlobals) = postSolution
		SolutionGuid = {340C6383-8265-4AC3-A498-76AB99050A4D}
	EndGlobalSection
EndGlobal
